
Microsoft Visual Studio Solution File, Format Version 12.00
# Visual Studio Version 17
VisualStudioVersion = 17.14.36811.4 d17.14
MinimumVisualStudioVersion = 10.0.40219.1
Project("{FAE04EC0-301F-11D3-BF4B-00C04F79EFBC}") = "maquinaExpendedora", "maquinaExpendedora\maquinaExpendedora.csproj", "{A5125683-2C32-461A-B162-6123B036FBA1}"
EndProject
Global
	GlobalSection(SolutionConfigurationPlatforms) = preSolution
		Debug|Any CPU = Debug|Any CPU
		Release|Any CPU = Release|Any CPU
	EndGlobalSection
	GlobalSection(ProjectConfigurationPlatforms) = postSolution
		{A5125683-2C32-461A-B162-6123B036FBA1}.Debug|Any CPU.ActiveCfg = Debug|Any CPU
		{A5125683-2C32-461A-B162-6123B036FBA1}.Debug|Any CPU.Build.0 = Debug|Any CPU
		{A5125683-2C32-461A-B162-6123B036FBA1}.Release|Any CPU.ActiveCfg = Release|Any CPU
		{A5125683-2C32-461A-B162-6123B036FBA1}.Release|Any CPU.Build.0 = Release|Any CPU
	EndGlobalSection
	GlobalSection(SolutionProperties) = preSolution
		HideSolutionNode = FALSE
	EndGlobalSection
	GlobalSection(ExtensibilityGlobals) = postSolution
		SolutionGuid = {4E9D339A-C200-404E-956A-985DAC2BF958}
	EndGlobalSection
EndGlobal
