
Microsoft Visual Studio Solution File, Format Version 12.00
# Visual Studio Version 17
VisualStudioVersion = 17.14.36811.4 d17.14
MinimumVisualStudioVersion = 10.0.40219.1
Project("{FAE04EC0-301F-11D3-BF4B-00C04F79EFBC}") = "frmMaquinaExpendedora", "frmMaquinaExpendedora\frmMaquinaExpendedora.csproj", "{CCC6424B-3462-46B9-BE04-0562B042CE68}"
EndProject
Global
	GlobalSection(SolutionConfigurationPlatforms) = preSolution
		Debug|Any CPU = Debug|Any CPU
		Release|Any CPU = Release|Any CPU
	EndGlobalSection
	GlobalSection(ProjectConfigurationPlatforms) = postSolution
		{CCC6424B-3462-46B9-BE04-0562B042CE68}.Debug|Any CPU.ActiveCfg = Debug|Any CPU
		{CCC6424B-3462-46B9-BE04-0562B042CE68}.Debug|Any CPU.Build.0 = Debug|Any CPU
		{CCC6424B-3462-46B9-BE04-0562B042CE68}.Release|Any CPU.ActiveCfg = Release|Any CPU
		{CCC6424B-3462-46B9-BE04-0562B042CE68}.Release|Any CPU.Build.0 = Release|Any CPU
	EndGlobalSection
	GlobalSection(SolutionProperties) = preSolution
		HideSolutionNode = FALSE
	EndGlobalSection
	GlobalSection(ExtensibilityGlobals) = postSolution
		SolutionGuid = {4EBC044D-AE1A-4230-9331-18DF324A3B1C}
	EndGlobalSection
EndGlobal
